
Microsoft Visual Studio Solution File, Format Version 12.00
# Visual Studio Version 17
VisualStudioVersion = 17.11.35327.3
MinimumVisualStudioVersion = 10.0.40219.1
Project("{FAE04EC0-301F-11D3-BF4B-00C04F79EFBC}") = "Flappy Monster2", "Flappy Monster2.csproj", "{3CDBEFD9-AAB1-4517-BC8E-C3593FA190A7}"
EndProject
Global
	GlobalSection(SolutionConfigurationPlatforms) = preSolution
		Debug|Any CPU = Debug|Any CPU
		Release|Any CPU = Release|Any CPU
	EndGlobalSection
	GlobalSection(ProjectConfigurationPlatforms) = postSolution
		{3CDBEFD9-AAB1-4517-BC8E-C3593FA190A7}.Debug|Any CPU.ActiveCfg = Debug|Any CPU
		{3CDBEFD9-AAB1-4517-BC8E-C3593FA190A7}.Debug|Any CPU.Build.0 = Debug|Any CPU
		{3CDBEFD9-AAB1-4517-BC8E-C3593FA190A7}.Release|Any CPU.ActiveCfg = Release|Any CPU
		{3CDBEFD9-AAB1-4517-BC8E-C3593FA190A7}.Release|Any CPU.Build.0 = Release|Any CPU
	EndGlobalSection
	GlobalSection(SolutionProperties) = preSolution
		HideSolutionNode = FALSE
	EndGlobalSection
	GlobalSection(ExtensibilityGlobals) = postSolution
		SolutionGuid = {C4DC4ABF-354E-4DF4-A1B3-B8FBD5D2BD69}
	EndGlobalSection
EndGlobal
